
Microsoft Visual Studio Solution File, Format Version 12.00
# Visual Studio Version 17
VisualStudioVersion = 17.10.35013.160
MinimumVisualStudioVersion = 10.0.40219.1
Project("{778DAE3C-4631-46EA-AA77-85C1314464D9}") = "DeribitOrderPlacementApp", "DeribitOrderPlacementApp\DeribitOrderPlacementApp.vbproj", "{F3F9487D-E570-47D8-944D-24723F1A0CCB}"
EndProject
Global
	GlobalSection(SolutionConfigurationPlatforms) = preSolution
		Debug|Any CPU = Debug|Any CPU
		Debug|x64 = Debug|x64
		Release|Any CPU = Release|Any CPU
		Release|x64 = Release|x64
	EndGlobalSection
	GlobalSection(ProjectConfigurationPlatforms) = postSolution
		{F3F9487D-E570-47D8-944D-24723F1A0CCB}.Debug|Any CPU.ActiveCfg = Release|Any CPU
		{F3F9487D-E570-47D8-944D-24723F1A0CCB}.Debug|Any CPU.Build.0 = Release|Any CPU
		{F3F9487D-E570-47D8-944D-24723F1A0CCB}.Debug|x64.ActiveCfg = Debug|x64
		{F3F9487D-E570-47D8-944D-24723F1A0CCB}.Debug|x64.Build.0 = Debug|x64
		{F3F9487D-E570-47D8-944D-24723F1A0CCB}.Release|Any CPU.ActiveCfg = Release|Any CPU
		{F3F9487D-E570-47D8-944D-24723F1A0CCB}.Release|Any CPU.Build.0 = Release|Any CPU
		{F3F9487D-E570-47D8-944D-24723F1A0CCB}.Release|x64.ActiveCfg = Release|x64
		{F3F9487D-E570-47D8-944D-24723F1A0CCB}.Release|x64.Build.0 = Release|x64
	EndGlobalSection
	GlobalSection(SolutionProperties) = preSolution
		HideSolutionNode = FALSE
	EndGlobalSection
	GlobalSection(ExtensibilityGlobals) = postSolution
		SolutionGuid = {1637947B-53CC-4125-B128-5585C1A0BFC7}
	EndGlobalSection
EndGlobal
